
Microsoft Visual Studio Solution File, Format Version 12.00
# Visual Studio Version 16
VisualStudioVersion = 16.0.30503.244
MinimumVisualStudioVersion = 10.0.40219.1
Project("{FAE04EC0-301F-11D3-BF4B-00C04F79EFBC}") = "TestApiApp.Android", "TestApiApp\TestApiApp.Android\TestApiApp.Android.csproj", "{80D28F98-E1B0-45CF-BE9F-D4DAA16ACD15}"
EndProject
Project("{FAE04EC0-301F-11D3-BF4B-00C04F79EFBC}") = "TestApiApp", "TestApiApp\TestApiApp\TestApiApp.csproj", "{0706285C-58B7-4DF1-9846-42353AEB8908}"
EndProject
Global
	GlobalSection(SolutionConfigurationPlatforms) = preSolution
		Debug|Any CPU = Debug|Any CPU
		Release|Any CPU = Release|Any CPU
	EndGlobalSection
	GlobalSection(ProjectConfigurationPlatforms) = postSolution
		{80D28F98-E1B0-45CF-BE9F-D4DAA16ACD15}.Debug|Any CPU.ActiveCfg = Debug|Any CPU
		{80D28F98-E1B0-45CF-BE9F-D4DAA16ACD15}.Debug|Any CPU.Build.0 = Debug|Any CPU
		{80D28F98-E1B0-45CF-BE9F-D4DAA16ACD15}.Debug|Any CPU.Deploy.0 = Debug|Any CPU
		{80D28F98-E1B0-45CF-BE9F-D4DAA16ACD15}.Release|Any CPU.ActiveCfg = Release|Any CPU
		{80D28F98-E1B0-45CF-BE9F-D4DAA16ACD15}.Release|Any CPU.Build.0 = Release|Any CPU
		{80D28F98-E1B0-45CF-BE9F-D4DAA16ACD15}.Release|Any CPU.Deploy.0 = Release|Any CPU
		{0706285C-58B7-4DF1-9846-42353AEB8908}.Debug|Any CPU.ActiveCfg = Debug|Any CPU
		{0706285C-58B7-4DF1-9846-42353AEB8908}.Debug|Any CPU.Build.0 = Debug|Any CPU
		{0706285C-58B7-4DF1-9846-42353AEB8908}.Debug|Any CPU.Deploy.0 = Debug|Any CPU
		{0706285C-58B7-4DF1-9846-42353AEB8908}.Release|Any CPU.ActiveCfg = Release|Any CPU
		{0706285C-58B7-4DF1-9846-42353AEB8908}.Release|Any CPU.Build.0 = Release|Any CPU
		{0706285C-58B7-4DF1-9846-42353AEB8908}.Release|Any CPU.Deploy.0 = Release|Any CPU
	EndGlobalSection
	GlobalSection(SolutionProperties) = preSolution
		HideSolutionNode = FALSE
	EndGlobalSection
	GlobalSection(ExtensibilityGlobals) = postSolution
		SolutionGuid = {AD82E8FD-5B8A-4CEB-B8BC-32B7178FA414}
	EndGlobalSection
EndGlobal
